
Microsoft Visual Studio Solution File, Format Version 12.00
# Visual Studio Version 17
VisualStudioVersion = 17.13.35931.197 d17.13
MinimumVisualStudioVersion = 10.0.40219.1
Project("{FAE04EC0-301F-11D3-BF4B-00C04F79EFBC}") = "기상청API", "기상청API\기상청API.csproj", "{71AF70AB-F7E2-4AF1-BFAF-9A64E1946571}"
EndProject
Global
	GlobalSection(SolutionConfigurationPlatforms) = preSolution
		Debug|Any CPU = Debug|Any CPU
		Release|Any CPU = Release|Any CPU
	EndGlobalSection
	GlobalSection(ProjectConfigurationPlatforms) = postSolution
		{71AF70AB-F7E2-4AF1-BFAF-9A64E1946571}.Debug|Any CPU.ActiveCfg = Debug|Any CPU
		{71AF70AB-F7E2-4AF1-BFAF-9A64E1946571}.Debug|Any CPU.Build.0 = Debug|Any CPU
		{71AF70AB-F7E2-4AF1-BFAF-9A64E1946571}.Release|Any CPU.ActiveCfg = Release|Any CPU
		{71AF70AB-F7E2-4AF1-BFAF-9A64E1946571}.Release|Any CPU.Build.0 = Release|Any CPU
	EndGlobalSection
	GlobalSection(SolutionProperties) = preSolution
		HideSolutionNode = FALSE
	EndGlobalSection
	GlobalSection(ExtensibilityGlobals) = postSolution
		SolutionGuid = {76047630-85FE-4917-9562-CA7380C017DE}
	EndGlobalSection
EndGlobal
